
Microsoft Visual Studio Solution File, Format Version 12.00
Project("{FAE04EC0-301F-11D3-BF4B-00C04F79EFBC}") = "SQLTestCase", "SQLTestCase\SQLTestCase.csproj", "{7B1BBF1A-ED96-40F4-989F-4F6964E1AD46}"
EndProject
Global
	GlobalSection(SolutionConfigurationPlatforms) = preSolution
		Debug|Any CPU = Debug|Any CPU
		Release|Any CPU = Release|Any CPU
	EndGlobalSection
	GlobalSection(ProjectConfigurationPlatforms) = postSolution
		{7B1BBF1A-ED96-40F4-989F-4F6964E1AD46}.Debug|Any CPU.ActiveCfg = Debug|Any CPU
		{7B1BBF1A-ED96-40F4-989F-4F6964E1AD46}.Debug|Any CPU.Build.0 = Debug|Any CPU
		{7B1BBF1A-ED96-40F4-989F-4F6964E1AD46}.Release|Any CPU.ActiveCfg = Release|Any CPU
		{7B1BBF1A-ED96-40F4-989F-4F6964E1AD46}.Release|Any CPU.Build.0 = Release|Any CPU
	EndGlobalSection
EndGlobal
